
Microsoft Visual Studio Solution File, Format Version 12.00
# Visual Studio Version 17
VisualStudioVersion = 17.13.35806.99 d17.13
MinimumVisualStudioVersion = 10.0.40219.1
Project("{FAE04EC0-301F-11D3-BF4B-00C04F79EFBC}") = "BasicHTTP", "BasicHTTP.csproj", "{5EA75F14-A964-4DB3-9098-F0DD136E0797}"
EndProject
Global
	GlobalSection(SolutionConfigurationPlatforms) = preSolution
		Debug|Any CPU = Debug|Any CPU
		Release|Any CPU = Release|Any CPU
	EndGlobalSection
	GlobalSection(ProjectConfigurationPlatforms) = postSolution
		{5EA75F14-A964-4DB3-9098-F0DD136E0797}.Debug|Any CPU.ActiveCfg = Debug|Any CPU
		{5EA75F14-A964-4DB3-9098-F0DD136E0797}.Debug|Any CPU.Build.0 = Debug|Any CPU
		{5EA75F14-A964-4DB3-9098-F0DD136E0797}.Release|Any CPU.ActiveCfg = Release|Any CPU
		{5EA75F14-A964-4DB3-9098-F0DD136E0797}.Release|Any CPU.Build.0 = Release|Any CPU
	EndGlobalSection
	GlobalSection(SolutionProperties) = preSolution
		HideSolutionNode = FALSE
	EndGlobalSection
	GlobalSection(ExtensibilityGlobals) = postSolution
		SolutionGuid = {0AAE7FCD-29D2-4332-9939-89E18E315151}
	EndGlobalSection
EndGlobal
